// !$*UTF8*$!
{
	archiveVersion = 1;
	classes = {
	};
	objectVersion = 55;
	objects = {

/* Begin PBXBuildFile section */
		2625165C2982A9E100FD5114 /* network in Resources */ = {isa = PBXBuildFile; fileRef = 262516592982A9E100FD5114 /* network */; };
		2625165D2982A9E100FD5114 /* models in Resources */ = {isa = PBXBuildFile; fileRef = 2625165A2982A9E100FD5114 /* models */; };
		2625165E2982A9E100FD5114 /* viewmodel in Resources */ = {isa = PBXBuildFile; fileRef = 2625165B2982A9E100FD5114 /* viewmodel */; };
		262516602982CFA800FD5114 /* Sample.swift in Sources */ = {isa = PBXBuildFile; fileRef = 2625165F2982CFA800FD5114 /* Sample.swift */; };
		262516622982D06300FD5114 /* sample in Resources */ = {isa = PBXBuildFile; fileRef = 262516612982D06300FD5114 /* sample */; };
		262516642982DC5600FD5114 /* Chip.swift in Sources */ = {isa = PBXBuildFile; fileRef = 262516632982DC5600FD5114 /* Chip.swift */; };
		262516662983C68200FD5114 /* Colors.swift in Sources */ = {isa = PBXBuildFile; fileRef = 262516652983C68200FD5114 /* Colors.swift */; };
		2625166A2983CE5100FD5114 /* TabDataModel.swift in Sources */ = {isa = PBXBuildFile; fileRef = 262516692983CE5100FD5114 /* TabDataModel.swift */; };
		2625166C2983D01400FD5114 /* PageView.swift in Sources */ = {isa = PBXBuildFile; fileRef = 2625166B2983D01400FD5114 /* PageView.swift */; };
		2625166E2983D11100FD5114 /* TabLayoutView.swift in Sources */ = {isa = PBXBuildFile; fileRef = 2625166D2983D11100FD5114 /* TabLayoutView.swift */; };
		2625167329840DFA00FD5114 /* HtmlView.swift in Sources */ = {isa = PBXBuildFile; fileRef = 2625167229840DFA00FD5114 /* HtmlView.swift */; };
		262516752984227F00FD5114 /* PageTemplate.swift in Sources */ = {isa = PBXBuildFile; fileRef = 262516742984227F00FD5114 /* PageTemplate.swift */; };
		2630C7CA29A4B96C00B6E9C1 /* Lottie in Frameworks */ = {isa = PBXBuildFile; productRef = 2630C7C929A4B96C00B6E9C1 /* Lottie */; };
		2630C7CC29A4CD3D00B6E9C1 /* loading.json in Resources */ = {isa = PBXBuildFile; fileRef = 2630C7CB29A4CD3D00B6E9C1 /* loading.json */; };
		2630C7CE29A4CDFD00B6E9C1 /* LottieView.swift in Sources */ = {isa = PBXBuildFile; fileRef = 2630C7CD29A4CDFD00B6E9C1 /* LottieView.swift */; };
		2630C7D029A4D11300B6E9C1 /* TransactionResponse.swift in Sources */ = {isa = PBXBuildFile; fileRef = 2630C7CF29A4D11300B6E9C1 /* TransactionResponse.swift */; };
		2630C7D329A685F200B6E9C1 /* SwiftUI_NotificationBanner in Frameworks */ = {isa = PBXBuildFile; productRef = 2630C7D229A685F200B6E9C1 /* SwiftUI_NotificationBanner */; };
		265531F6299E4D25001EB3F5 /* AnyCodable in Frameworks */ = {isa = PBXBuildFile; productRef = 265531F5299E4D25001EB3F5 /* AnyCodable */; };
		265531F8299E7E2C001EB3F5 /* Constants.swift in Sources */ = {isa = PBXBuildFile; fileRef = 265531F7299E7E2C001EB3F5 /* Constants.swift */; };
		265531FB299F58EE001EB3F5 /* PusherSwift in Frameworks */ = {isa = PBXBuildFile; productRef = 265531FA299F58EE001EB3F5 /* PusherSwift */; };
		265531FD299F591B001EB3F5 /* PusherClient.swift in Sources */ = {isa = PBXBuildFile; fileRef = 265531FC299F591B001EB3F5 /* PusherClient.swift */; };
		266FBDFF298ABBC100566209 /* CustomTextField.swift in Sources */ = {isa = PBXBuildFile; fileRef = 266FBDFE298ABBC100566209 /* CustomTextField.swift */; };
		266FBE02298B09D800566209 /* FilePicker in Frameworks */ = {isa = PBXBuildFile; productRef = 266FBE01298B09D800566209 /* FilePicker */; };
		266FBE04298B120200566209 /* Solitreo-Regular.ttf in Resources */ = {isa = PBXBuildFile; fileRef = 266FBE03298B106800566209 /* Solitreo-Regular.ttf */; };
		266FBE05298B120500566209 /* Metropolis-Medium.otf in Resources */ = {isa = PBXBuildFile; fileRef = 266FBDFB298AB99100566209 /* Metropolis-Medium.otf */; };
		266FBE06298B120F00566209 /* Metropolis-Regular.otf in Resources */ = {isa = PBXBuildFile; fileRef = 266FBDFD298AB99100566209 /* Metropolis-Regular.otf */; };
		266FBE07298B121200566209 /* Metropolis-Bold.otf in Resources */ = {isa = PBXBuildFile; fileRef = 266FBDFC298AB99100566209 /* Metropolis-Bold.otf */; };
		26DBC543297FD0930076605C /* NetworkService.swift in Sources */ = {isa = PBXBuildFile; fileRef = 26DBC542297FD0930076605C /* NetworkService.swift */; };
		26DBC545297FD55E0076605C /* ProductListResponse.swift in Sources */ = {isa = PBXBuildFile; fileRef = 26DBC544297FD55E0076605C /* ProductListResponse.swift */; };
		26DBC549297FDAF10076605C /* LoadingState.swift in Sources */ = {isa = PBXBuildFile; fileRef = 26DBC548297FDAF10076605C /* LoadingState.swift */; };
		26DBC54B297FDC610076605C /* ProductListViewModel.swift in Sources */ = {isa = PBXBuildFile; fileRef = 26DBC54A297FDC610076605C /* ProductListViewModel.swift */; };
		26DBC54D29800B1C0076605C /* Credential.swift in Sources */ = {isa = PBXBuildFile; fileRef = 26DBC54C29800B1C0076605C /* Credential.swift */; };
		26DBC54F29817FBD0076605C /* ProductInfoScreen.swift in Sources */ = {isa = PBXBuildFile; fileRef = 26DBC54E29817FBD0076605C /* ProductInfoScreen.swift */; };
		26DBC5512982A2B60076605C /* ProductForms.swift in Sources */ = {isa = PBXBuildFile; fileRef = 26DBC5502982A2B60076605C /* ProductForms.swift */; };
		26EC7C21292CEE4D00905CD0 /* mca_ios_sdkApp.swift in Sources */ = {isa = PBXBuildFile; fileRef = 26EC7C20292CEE4D00905CD0 /* mca_ios_sdkApp.swift */; };
		26EC7C23292CEE4D00905CD0 /* ProductListView.swift in Sources */ = {isa = PBXBuildFile; fileRef = 26EC7C22292CEE4D00905CD0 /* ProductListView.swift */; };
		26EC7C25292CEE5100905CD0 /* Assets.xcassets in Resources */ = {isa = PBXBuildFile; fileRef = 26EC7C24292CEE5100905CD0 /* Assets.xcassets */; };
		26EC7C28292CEE5100905CD0 /* Preview Assets.xcassets in Resources */ = {isa = PBXBuildFile; fileRef = 26EC7C27292CEE5100905CD0 /* Preview Assets.xcassets */; };
		26EC7C32292CEE5100905CD0 /* mca_ios_sdkTests.swift in Sources */ = {isa = PBXBuildFile; fileRef = 26EC7C31292CEE5100905CD0 /* mca_ios_sdkTests.swift */; };
		26EC7C3C292CEE5100905CD0 /* mca_ios_sdkUITests.swift in Sources */ = {isa = PBXBuildFile; fileRef = 26EC7C3B292CEE5100905CD0 /* mca_ios_sdkUITests.swift */; };
		26EC7C3E292CEE5100905CD0 /* mca_ios_sdkUITestsLaunchTests.swift in Sources */ = {isa = PBXBuildFile; fileRef = 26EC7C3D292CEE5100905CD0 /* mca_ios_sdkUITestsLaunchTests.swift */; };
		26EFF256298D156A0025039F /* PaymentDetailsScreen.swift in Sources */ = {isa = PBXBuildFile; fileRef = 26EFF255298D156A0025039F /* PaymentDetailsScreen.swift */; };
		26F455DF29A1300D00F011A5 /* PaymentMethodCard.swift in Sources */ = {isa = PBXBuildFile; fileRef = 26F455DE29A1300D00F011A5 /* PaymentMethodCard.swift */; };
		26F455E129A1773300F011A5 /* Bank.swift in Sources */ = {isa = PBXBuildFile; fileRef = 26F455E029A1773300F011A5 /* Bank.swift */; };
		26F455E329A29EE500F011A5 /* SelectResponse.swift in Sources */ = {isa = PBXBuildFile; fileRef = 26F455E229A29EE500F011A5 /* SelectResponse.swift */; };
/* End PBXBuildFile section */

/* Begin PBXContainerItemProxy section */
		26EC7C2E292CEE5100905CD0 /* PBXContainerItemProxy */ = {
			isa = PBXContainerItemProxy;
			containerPortal = 26EC7C15292CEE4D00905CD0 /* Project object */;
			proxyType = 1;
			remoteGlobalIDString = 26EC7C1C292CEE4D00905CD0;
			remoteInfo = "mca-ios-sdk";
		};
		26EC7C38292CEE5100905CD0 /* PBXContainerItemProxy */ = {
			isa = PBXContainerItemProxy;
			containerPortal = 26EC7C15292CEE4D00905CD0 /* Project object */;
			proxyType = 1;
			remoteGlobalIDString = 26EC7C1C292CEE4D00905CD0;
			remoteInfo = "mca-ios-sdk";
		};
/* End PBXContainerItemProxy section */

/* Begin PBXFileReference section */
		262516562982A89B00FD5114 /* Info.plist */ = {isa = PBXFileReference; lastKnownFileType = text.plist.xml; path = Info.plist; sourceTree = "<group>"; };
		262516592982A9E100FD5114 /* network */ = {isa = PBXFileReference; lastKnownFileType = folder; path = network; sourceTree = "<group>"; };
		2625165A2982A9E100FD5114 /* models */ = {isa = PBXFileReference; lastKnownFileType = folder; path = models; sourceTree = "<group>"; };
		2625165B2982A9E100FD5114 /* viewmodel */ = {isa = PBXFileReference; lastKnownFileType = folder; path = viewmodel; sourceTree = "<group>"; };
		2625165F2982CFA800FD5114 /* Sample.swift */ = {isa = PBXFileReference; lastKnownFileType = sourcecode.swift; path = Sample.swift; sourceTree = "<group>"; };
		262516612982D06300FD5114 /* sample */ = {isa = PBXFileReference; lastKnownFileType = folder; path = sample; sourceTree = "<group>"; };
		262516632982DC5600FD5114 /* Chip.swift */ = {isa = PBXFileReference; lastKnownFileType = sourcecode.swift; path = Chip.swift; sourceTree = "<group>"; };
		262516652983C68200FD5114 /* Colors.swift */ = {isa = PBXFileReference; lastKnownFileType = sourcecode.swift; path = Colors.swift; sourceTree = "<group>"; };
		262516692983CE5100FD5114 /* TabDataModel.swift */ = {isa = PBXFileReference; lastKnownFileType = sourcecode.swift; name = TabDataModel.swift; path = models/TabDataModel.swift; sourceTree = "<group>"; };
		2625166B2983D01400FD5114 /* PageView.swift */ = {isa = PBXFileReference; lastKnownFileType = sourcecode.swift; path = PageView.swift; sourceTree = "<group>"; };
		2625166D2983D11100FD5114 /* TabLayoutView.swift */ = {isa = PBXFileReference; lastKnownFileType = sourcecode.swift; path = TabLayoutView.swift; sourceTree = "<group>"; };
		2625167229840DFA00FD5114 /* HtmlView.swift */ = {isa = PBXFileReference; lastKnownFileType = sourcecode.swift; path = HtmlView.swift; sourceTree = "<group>"; };
		262516742984227F00FD5114 /* PageTemplate.swift */ = {isa = PBXFileReference; lastKnownFileType = sourcecode.swift; path = PageTemplate.swift; sourceTree = "<group>"; };
		2630C7CB29A4CD3D00B6E9C1 /* loading.json */ = {isa = PBXFileReference; fileEncoding = 4; lastKnownFileType = text.json; path = loading.json; sourceTree = "<group>"; };
		2630C7CD29A4CDFD00B6E9C1 /* LottieView.swift */ = {isa = PBXFileReference; lastKnownFileType = sourcecode.swift; path = LottieView.swift; sourceTree = "<group>"; };
		2630C7CF29A4D11300B6E9C1 /* TransactionResponse.swift */ = {isa = PBXFileReference; lastKnownFileType = sourcecode.swift; path = TransactionResponse.swift; sourceTree = "<group>"; };
		265531F7299E7E2C001EB3F5 /* Constants.swift */ = {isa = PBXFileReference; lastKnownFileType = sourcecode.swift; path = Constants.swift; sourceTree = "<group>"; };
		265531FC299F591B001EB3F5 /* PusherClient.swift */ = {isa = PBXFileReference; lastKnownFileType = sourcecode.swift; path = PusherClient.swift; sourceTree = "<group>"; };
		266FBDFB298AB99100566209 /* Metropolis-Medium.otf */ = {isa = PBXFileReference; lastKnownFileType = file; path = "Metropolis-Medium.otf"; sourceTree = "<group>"; };
		266FBDFC298AB99100566209 /* Metropolis-Bold.otf */ = {isa = PBXFileReference; lastKnownFileType = file; path = "Metropolis-Bold.otf"; sourceTree = "<group>"; };
		266FBDFD298AB99100566209 /* Metropolis-Regular.otf */ = {isa = PBXFileReference; lastKnownFileType = file; path = "Metropolis-Regular.otf"; sourceTree = "<group>"; };
		266FBDFE298ABBC100566209 /* CustomTextField.swift */ = {isa = PBXFileReference; lastKnownFileType = sourcecode.swift; path = CustomTextField.swift; sourceTree = "<group>"; };
		266FBE03298B106800566209 /* Solitreo-Regular.ttf */ = {isa = PBXFileReference; lastKnownFileType = file; path = "Solitreo-Regular.ttf"; sourceTree = "<group>"; };
		26DBC542297FD0930076605C /* NetworkService.swift */ = {isa = PBXFileReference; lastKnownFileType = sourcecode.swift; path = NetworkService.swift; sourceTree = "<group>"; };
		26DBC544297FD55E0076605C /* ProductListResponse.swift */ = {isa = PBXFileReference; lastKnownFileType = sourcecode.swift; name = ProductListResponse.swift; path = models/ProductListResponse.swift; sourceTree = "<group>"; };
		26DBC548297FDAF10076605C /* LoadingState.swift */ = {isa = PBXFileReference; lastKnownFileType = sourcecode.swift; name = LoadingState.swift; path = models/LoadingState.swift; sourceTree = "<group>"; };
		26DBC54A297FDC610076605C /* ProductListViewModel.swift */ = {isa = PBXFileReference; lastKnownFileType = sourcecode.swift; name = ProductListViewModel.swift; path = viewmodel/ProductListViewModel.swift; sourceTree = "<group>"; };
		26DBC54C29800B1C0076605C /* Credential.swift */ = {isa = PBXFileReference; lastKnownFileType = sourcecode.swift; path = Credential.swift; sourceTree = "<group>"; };
		26DBC54E29817FBD0076605C /* ProductInfoScreen.swift */ = {isa = PBXFileReference; lastKnownFileType = sourcecode.swift; path = ProductInfoScreen.swift; sourceTree = "<group>"; };
		26DBC5502982A2B60076605C /* ProductForms.swift */ = {isa = PBXFileReference; lastKnownFileType = sourcecode.swift; path = ProductForms.swift; sourceTree = "<group>"; };
		26EC7C1D292CEE4D00905CD0 /* mca-ios-sdk.app */ = {isa = PBXFileReference; explicitFileType = wrapper.application; includeInIndex = 0; path = "mca-ios-sdk.app"; sourceTree = BUILT_PRODUCTS_DIR; };
		26EC7C20292CEE4D00905CD0 /* mca_ios_sdkApp.swift */ = {isa = PBXFileReference; lastKnownFileType = sourcecode.swift; path = mca_ios_sdkApp.swift; sourceTree = "<group>"; };
		26EC7C22292CEE4D00905CD0 /* ProductListView.swift */ = {isa = PBXFileReference; lastKnownFileType = sourcecode.swift; path = ProductListView.swift; sourceTree = "<group>"; };
		26EC7C24292CEE5100905CD0 /* Assets.xcassets */ = {isa = PBXFileReference; lastKnownFileType = folder.assetcatalog; path = Assets.xcassets; sourceTree = "<group>"; };
		26EC7C27292CEE5100905CD0 /* Preview Assets.xcassets */ = {isa = PBXFileReference; lastKnownFileType = folder.assetcatalog; path = "Preview Assets.xcassets"; sourceTree = "<group>"; };
		26EC7C2D292CEE5100905CD0 /* mca-ios-sdkTests.xctest */ = {isa = PBXFileReference; explicitFileType = wrapper.cfbundle; includeInIndex = 0; path = "mca-ios-sdkTests.xctest"; sourceTree = BUILT_PRODUCTS_DIR; };
		26EC7C31292CEE5100905CD0 /* mca_ios_sdkTests.swift */ = {isa = PBXFileReference; lastKnownFileType = sourcecode.swift; path = mca_ios_sdkTests.swift; sourceTree = "<group>"; };
		26EC7C37292CEE5100905CD0 /* mca-ios-sdkUITests.xctest */ = {isa = PBXFileReference; explicitFileType = wrapper.cfbundle; includeInIndex = 0; path = "mca-ios-sdkUITests.xctest"; sourceTree = BUILT_PRODUCTS_DIR; };
		26EC7C3B292CEE5100905CD0 /* mca_ios_sdkUITests.swift */ = {isa = PBXFileReference; lastKnownFileType = sourcecode.swift; path = mca_ios_sdkUITests.swift; sourceTree = "<group>"; };
		26EC7C3D292CEE5100905CD0 /* mca_ios_sdkUITestsLaunchTests.swift */ = {isa = PBXFileReference; lastKnownFileType = sourcecode.swift; path = mca_ios_sdkUITestsLaunchTests.swift; sourceTree = "<group>"; };
		26EFF255298D156A0025039F /* PaymentDetailsScreen.swift */ = {isa = PBXFileReference; lastKnownFileType = sourcecode.swift; path = PaymentDetailsScreen.swift; sourceTree = "<group>"; };
		26F455DE29A1300D00F011A5 /* PaymentMethodCard.swift */ = {isa = PBXFileReference; lastKnownFileType = sourcecode.swift; path = PaymentMethodCard.swift; sourceTree = "<group>"; };
		26F455E029A1773300F011A5 /* Bank.swift */ = {isa = PBXFileReference; lastKnownFileType = sourcecode.swift; path = Bank.swift; sourceTree = "<group>"; };
		26F455E229A29EE500F011A5 /* SelectResponse.swift */ = {isa = PBXFileReference; lastKnownFileType = sourcecode.swift; path = SelectResponse.swift; sourceTree = "<group>"; };
/* End PBXFileReference section */

/* Begin PBXFrameworksBuildPhase section */
		26EC7C1A292CEE4D00905CD0 /* Frameworks */ = {
			isa = PBXFrameworksBuildPhase;
			buildActionMask = 2147483647;
			files = (
				2630C7D329A685F200B6E9C1 /* SwiftUI_NotificationBanner in Frameworks */,
				265531FB299F58EE001EB3F5 /* PusherSwift in Frameworks */,
				265531F6299E4D25001EB3F5 /* AnyCodable in Frameworks */,
				266FBE02298B09D800566209 /* FilePicker in Frameworks */,
				2630C7CA29A4B96C00B6E9C1 /* Lottie in Frameworks */,
			);
			runOnlyForDeploymentPostprocessing = 0;
		};
		26EC7C2A292CEE5100905CD0 /* Frameworks */ = {
			isa = PBXFrameworksBuildPhase;
			buildActionMask = 2147483647;
			files = (
			);
			runOnlyForDeploymentPostprocessing = 0;
		};
		26EC7C34292CEE5100905CD0 /* Frameworks */ = {
			isa = PBXFrameworksBuildPhase;
			buildActionMask = 2147483647;
			files = (
			);
			runOnlyForDeploymentPostprocessing = 0;
		};
/* End PBXFrameworksBuildPhase section */

/* Begin PBXGroup section */
		266FBDFA298AB98200566209 /* fonts */ = {
			isa = PBXGroup;
			children = (
				266FBE03298B106800566209 /* Solitreo-Regular.ttf */,
				266FBDFB298AB99100566209 /* Metropolis-Medium.otf */,
				266FBDFC298AB99100566209 /* Metropolis-Bold.otf */,
				266FBDFD298AB99100566209 /* Metropolis-Regular.otf */,
			);
			path = fonts;
			sourceTree = "<group>";
		};
		26EC7C14292CEE4D00905CD0 = {
			isa = PBXGroup;
			children = (
				2630C7CF29A4D11300B6E9C1 /* TransactionResponse.swift */,
				26F455E229A29EE500F011A5 /* SelectResponse.swift */,
				26F455DE29A1300D00F011A5 /* PaymentMethodCard.swift */,
				262516632982DC5600FD5114 /* Chip.swift */,
				262516652983C68200FD5114 /* Colors.swift */,
				26EC7C1F292CEE4D00905CD0 /* mca-ios-sdk */,
				26EC7C30292CEE5100905CD0 /* mca-ios-sdkTests */,
				26EC7C3A292CEE5100905CD0 /* mca-ios-sdkUITests */,
				26EC7C1E292CEE4D00905CD0 /* Products */,
			);
			sourceTree = "<group>";
		};
		26EC7C1E292CEE4D00905CD0 /* Products */ = {
			isa = PBXGroup;
			children = (
				26EC7C1D292CEE4D00905CD0 /* mca-ios-sdk.app */,
				26EC7C2D292CEE5100905CD0 /* mca-ios-sdkTests.xctest */,
				26EC7C37292CEE5100905CD0 /* mca-ios-sdkUITests.xctest */,
			);
			name = Products;
			sourceTree = "<group>";
		};
		26EC7C1F292CEE4D00905CD0 /* mca-ios-sdk */ = {
			isa = PBXGroup;
			children = (
				266FBDFA298AB98200566209 /* fonts */,
				262516562982A89B00FD5114 /* Info.plist */,
				26EC7C20292CEE4D00905CD0 /* mca_ios_sdkApp.swift */,
				26EC7C22292CEE4D00905CD0 /* ProductListView.swift */,
				265531F7299E7E2C001EB3F5 /* Constants.swift */,
				2625165F2982CFA800FD5114 /* Sample.swift */,
				2630C7CB29A4CD3D00B6E9C1 /* loading.json */,
				262516612982D06300FD5114 /* sample */,
				2625165A2982A9E100FD5114 /* models */,
				262516592982A9E100FD5114 /* network */,
				2625165B2982A9E100FD5114 /* viewmodel */,
				26DBC5502982A2B60076605C /* ProductForms.swift */,
				26EFF255298D156A0025039F /* PaymentDetailsScreen.swift */,
				2630C7CD29A4CDFD00B6E9C1 /* LottieView.swift */,
				26F455E029A1773300F011A5 /* Bank.swift */,
				265531FC299F591B001EB3F5 /* PusherClient.swift */,
				266FBDFE298ABBC100566209 /* CustomTextField.swift */,
				26DBC54E29817FBD0076605C /* ProductInfoScreen.swift */,
				262516742984227F00FD5114 /* PageTemplate.swift */,
				262516692983CE5100FD5114 /* TabDataModel.swift */,
				2625166B2983D01400FD5114 /* PageView.swift */,
				2625167229840DFA00FD5114 /* HtmlView.swift */,
				2625166D2983D11100FD5114 /* TabLayoutView.swift */,
				26EC7C24292CEE5100905CD0 /* Assets.xcassets */,
				26EC7C26292CEE5100905CD0 /* Preview Content */,
				26DBC542297FD0930076605C /* NetworkService.swift */,
				26DBC54C29800B1C0076605C /* Credential.swift */,
				26DBC548297FDAF10076605C /* LoadingState.swift */,
				26DBC54A297FDC610076605C /* ProductListViewModel.swift */,
				26DBC544297FD55E0076605C /* ProductListResponse.swift */,
			);
			path = "mca-ios-sdk";
			sourceTree = "<group>";
		};
		26EC7C26292CEE5100905CD0 /* Preview Content */ = {
			isa = PBXGroup;
			children = (
				26EC7C27292CEE5100905CD0 /* Preview Assets.xcassets */,
			);
			path = "Preview Content";
			sourceTree = "<group>";
		};
		26EC7C30292CEE5100905CD0 /* mca-ios-sdkTests */ = {
			isa = PBXGroup;
			children = (
				26EC7C31292CEE5100905CD0 /* mca_ios_sdkTests.swift */,
			);
			path = "mca-ios-sdkTests";
			sourceTree = "<group>";
		};
		26EC7C3A292CEE5100905CD0 /* mca-ios-sdkUITests */ = {
			isa = PBXGroup;
			children = (
				26EC7C3B292CEE5100905CD0 /* mca_ios_sdkUITests.swift */,
				26EC7C3D292CEE5100905CD0 /* mca_ios_sdkUITestsLaunchTests.swift */,
			);
			path = "mca-ios-sdkUITests";
			sourceTree = "<group>";
		};
/* End PBXGroup section */

/* Begin PBXNativeTarget section */
		26EC7C1C292CEE4D00905CD0 /* mca-ios-sdk */ = {
			isa = PBXNativeTarget;
			buildConfigurationList = 26EC7C41292CEE5100905CD0 /* Build configuration list for PBXNativeTarget "mca-ios-sdk" */;
			buildPhases = (
				26EC7C19292CEE4D00905CD0 /* Sources */,
				26EC7C1A292CEE4D00905CD0 /* Frameworks */,
				26EC7C1B292CEE4D00905CD0 /* Resources */,
			);
			buildRules = (
			);
			dependencies = (
			);
			name = "mca-ios-sdk";
			packageProductDependencies = (
				266FBE01298B09D800566209 /* FilePicker */,
				265531F5299E4D25001EB3F5 /* AnyCodable */,
				265531FA299F58EE001EB3F5 /* PusherSwift */,
				2630C7C929A4B96C00B6E9C1 /* Lottie */,
				2630C7D229A685F200B6E9C1 /* SwiftUI_NotificationBanner */,
			);
			productName = "mca-ios-sdk";
			productReference = 26EC7C1D292CEE4D00905CD0 /* mca-ios-sdk.app */;
			productType = "com.apple.product-type.application";
		};
		26EC7C2C292CEE5100905CD0 /* mca-ios-sdkTests */ = {
			isa = PBXNativeTarget;
			buildConfigurationList = 26EC7C44292CEE5100905CD0 /* Build configuration list for PBXNativeTarget "mca-ios-sdkTests" */;
			buildPhases = (
				26EC7C29292CEE5100905CD0 /* Sources */,
				26EC7C2A292CEE5100905CD0 /* Frameworks */,
				26EC7C2B292CEE5100905CD0 /* Resources */,
			);
			buildRules = (
			);
			dependencies = (
				26EC7C2F292CEE5100905CD0 /* PBXTargetDependency */,
			);
			name = "mca-ios-sdkTests";
			productName = "mca-ios-sdkTests";
			productReference = 26EC7C2D292CEE5100905CD0 /* mca-ios-sdkTests.xctest */;
			productType = "com.apple.product-type.bundle.unit-test";
		};
		26EC7C36292CEE5100905CD0 /* mca-ios-sdkUITests */ = {
			isa = PBXNativeTarget;
			buildConfigurationList = 26EC7C47292CEE5100905CD0 /* Build configuration list for PBXNativeTarget "mca-ios-sdkUITests" */;
			buildPhases = (
				26EC7C33292CEE5100905CD0 /* Sources */,
				26EC7C34292CEE5100905CD0 /* Frameworks */,
				26EC7C35292CEE5100905CD0 /* Resources */,
			);
			buildRules = (
			);
			dependencies = (
				26EC7C39292CEE5100905CD0 /* PBXTargetDependency */,
			);
			name = "mca-ios-sdkUITests";
			productName = "mca-ios-sdkUITests";
			productReference = 26EC7C37292CEE5100905CD0 /* mca-ios-sdkUITests.xctest */;
			productType = "com.apple.product-type.bundle.ui-testing";
		};
/* End PBXNativeTarget section */

/* Begin PBXProject section */
		26EC7C15292CEE4D00905CD0 /* Project object */ = {
			isa = PBXProject;
			attributes = {
				BuildIndependentTargetsInParallel = 1;
				LastSwiftUpdateCheck = 1330;
				LastUpgradeCheck = 1330;
				TargetAttributes = {
					26EC7C1C292CEE4D00905CD0 = {
						CreatedOnToolsVersion = 13.3.1;
					};
					26EC7C2C292CEE5100905CD0 = {
						CreatedOnToolsVersion = 13.3.1;
						TestTargetID = 26EC7C1C292CEE4D00905CD0;
					};
					26EC7C36292CEE5100905CD0 = {
						CreatedOnToolsVersion = 13.3.1;
						TestTargetID = 26EC7C1C292CEE4D00905CD0;
					};
				};
			};
			buildConfigurationList = 26EC7C18292CEE4D00905CD0 /* Build configuration list for PBXProject "mca-ios-sdk" */;
			compatibilityVersion = "Xcode 13.0";
			developmentRegion = en;
			hasScannedForEncodings = 0;
			knownRegions = (
				en,
				Base,
			);
			mainGroup = 26EC7C14292CEE4D00905CD0;
			packageReferences = (
				266FBE00298B09D800566209 /* XCRemoteSwiftPackageReference "FilePicker" */,
				265531F4299E4D25001EB3F5 /* XCRemoteSwiftPackageReference "AnyCodable" */,
				265531F9299F58EE001EB3F5 /* XCRemoteSwiftPackageReference "pusher-websocket-swift" */,
				2630C7C829A4B96C00B6E9C1 /* XCRemoteSwiftPackageReference "lottie-ios" */,
				2630C7D129A685F200B6E9C1 /* XCRemoteSwiftPackageReference "SwiftUI_NotificationBanner" */,
			);
			productRefGroup = 26EC7C1E292CEE4D00905CD0 /* Products */;
			projectDirPath = "";
			projectRoot = "";
			targets = (
				26EC7C1C292CEE4D00905CD0 /* mca-ios-sdk */,
				26EC7C2C292CEE5100905CD0 /* mca-ios-sdkTests */,
				26EC7C36292CEE5100905CD0 /* mca-ios-sdkUITests */,
			);
		};
/* End PBXProject section */

/* Begin PBXResourcesBuildPhase section */
		26EC7C1B292CEE4D00905CD0 /* Resources */ = {
			isa = PBXResourcesBuildPhase;
			buildActionMask = 2147483647;
			files = (
				2625165D2982A9E100FD5114 /* models in Resources */,
				2625165E2982A9E100FD5114 /* viewmodel in Resources */,
				266FBE06298B120F00566209 /* Metropolis-Regular.otf in Resources */,
				266FBE05298B120500566209 /* Metropolis-Medium.otf in Resources */,
				2630C7CC29A4CD3D00B6E9C1 /* loading.json in Resources */,
				262516622982D06300FD5114 /* sample in Resources */,
				2625165C2982A9E100FD5114 /* network in Resources */,
				266FBE07298B121200566209 /* Metropolis-Bold.otf in Resources */,
				26EC7C28292CEE5100905CD0 /* Preview Assets.xcassets in Resources */,
				266FBE04298B120200566209 /* Solitreo-Regular.ttf in Resources */,
				26EC7C25292CEE5100905CD0 /* Assets.xcassets in Resources */,
			);
			runOnlyForDeploymentPostprocessing = 0;
		};
		26EC7C2B292CEE5100905CD0 /* Resources */ = {
			isa = PBXResourcesBuildPhase;
			buildActionMask = 2147483647;
			files = (
			);
			runOnlyForDeploymentPostprocessing = 0;
		};
		26EC7C35292CEE5100905CD0 /* Resources */ = {
			isa = PBXResourcesBuildPhase;
			buildActionMask = 2147483647;
			files = (
			);
			runOnlyForDeploymentPostprocessing = 0;
		};
/* End PBXResourcesBuildPhase section */

/* Begin PBXSourcesBuildPhase section */
		26EC7C19292CEE4D00905CD0 /* Sources */ = {
			isa = PBXSourcesBuildPhase;
			buildActionMask = 2147483647;
			files = (
				265531FD299F591B001EB3F5 /* PusherClient.swift in Sources */,
				26DBC549297FDAF10076605C /* LoadingState.swift in Sources */,
				2630C7CE29A4CDFD00B6E9C1 /* LottieView.swift in Sources */,
				26EFF256298D156A0025039F /* PaymentDetailsScreen.swift in Sources */,
				2625166A2983CE5100FD5114 /* TabDataModel.swift in Sources */,
				2630C7D029A4D11300B6E9C1 /* TransactionResponse.swift in Sources */,
				262516662983C68200FD5114 /* Colors.swift in Sources */,
				262516752984227F00FD5114 /* PageTemplate.swift in Sources */,
				262516642982DC5600FD5114 /* Chip.swift in Sources */,
				26F455E129A1773300F011A5 /* Bank.swift in Sources */,
				26DBC54D29800B1C0076605C /* Credential.swift in Sources */,
				26DBC545297FD55E0076605C /* ProductListResponse.swift in Sources */,
				26DBC54B297FDC610076605C /* ProductListViewModel.swift in Sources */,
				266FBDFF298ABBC100566209 /* CustomTextField.swift in Sources */,
				26F455DF29A1300D00F011A5 /* PaymentMethodCard.swift in Sources */,
				26EC7C23292CEE4D00905CD0 /* ProductListView.swift in Sources */,
				262516602982CFA800FD5114 /* Sample.swift in Sources */,
				2625167329840DFA00FD5114 /* HtmlView.swift in Sources */,
				2625166E2983D11100FD5114 /* TabLayoutView.swift in Sources */,
				26DBC543297FD0930076605C /* NetworkService.swift in Sources */,
				265531F8299E7E2C001EB3F5 /* Constants.swift in Sources */,
				26EC7C21292CEE4D00905CD0 /* mca_ios_sdkApp.swift in Sources */,
				26DBC5512982A2B60076605C /* ProductForms.swift in Sources */,
				26DBC54F29817FBD0076605C /* ProductInfoScreen.swift in Sources */,
				26F455E329A29EE500F011A5 /* SelectResponse.swift in Sources */,
				2625166C2983D01400FD5114 /* PageView.swift in Sources */,
			);
			runOnlyForDeploymentPostprocessing = 0;
		};
		26EC7C29292CEE5100905CD0 /* Sources */ = {
			isa = PBXSourcesBuildPhase;
			buildActionMask = 2147483647;
			files = (
				26EC7C32292CEE5100905CD0 /* mca_ios_sdkTests.swift in Sources */,
			);
			runOnlyForDeploymentPostprocessing = 0;
		};
		26EC7C33292CEE5100905CD0 /* Sources */ = {
			isa = PBXSourcesBuildPhase;
			buildActionMask = 2147483647;
			files = (
				26EC7C3C292CEE5100905CD0 /* mca_ios_sdkUITests.swift in Sources */,
				26EC7C3E292CEE5100905CD0 /* mca_ios_sdkUITestsLaunchTests.swift in Sources */,
			);
			runOnlyForDeploymentPostprocessing = 0;
		};
/* End PBXSourcesBuildPhase section */

/* Begin PBXTargetDependency section */
		26EC7C2F292CEE5100905CD0 /* PBXTargetDependency */ = {
			isa = PBXTargetDependency;
			target = 26EC7C1C292CEE4D00905CD0 /* mca-ios-sdk */;
			targetProxy = 26EC7C2E292CEE5100905CD0 /* PBXContainerItemProxy */;
		};
		26EC7C39292CEE5100905CD0 /* PBXTargetDependency */ = {
			isa = PBXTargetDependency;
			target = 26EC7C1C292CEE4D00905CD0 /* mca-ios-sdk */;
			targetProxy = 26EC7C38292CEE5100905CD0 /* PBXContainerItemProxy */;
		};
/* End PBXTargetDependency section */

/* Begin XCBuildConfiguration section */
		26EC7C3F292CEE5100905CD0 /* Debug */ = {
			isa = XCBuildConfiguration;
			buildSettings = {
				ALWAYS_SEARCH_USER_PATHS = NO;
				CLANG_ANALYZER_NONNULL = YES;
				CLANG_ANALYZER_NUMBER_OBJECT_CONVERSION = YES_AGGRESSIVE;
				CLANG_CXX_LANGUAGE_STANDARD = "gnu++17";
				CLANG_ENABLE_MODULES = YES;
				CLANG_ENABLE_OBJC_ARC = YES;
				CLANG_ENABLE_OBJC_WEAK = YES;
				CLANG_WARN_BLOCK_CAPTURE_AUTORELEASING = YES;
				CLANG_WARN_BOOL_CONVERSION = YES;
				CLANG_WARN_COMMA = YES;
				CLANG_WARN_CONSTANT_CONVERSION = YES;
				CLANG_WARN_DEPRECATED_OBJC_IMPLEMENTATIONS = YES;
				CLANG_WARN_DIRECT_OBJC_ISA_USAGE = YES_ERROR;
				CLANG_WARN_DOCUMENTATION_COMMENTS = YES;
				CLANG_WARN_EMPTY_BODY = YES;
				CLANG_WARN_ENUM_CONVERSION = YES;
				CLANG_WARN_INFINITE_RECURSION = YES;
				CLANG_WARN_INT_CONVERSION = YES;
				CLANG_WARN_NON_LITERAL_NULL_CONVERSION = YES;
				CLANG_WARN_OBJC_IMPLICIT_RETAIN_SELF = YES;
				CLANG_WARN_OBJC_LITERAL_CONVERSION = YES;
				CLANG_WARN_OBJC_ROOT_CLASS = YES_ERROR;
				CLANG_WARN_QUOTED_INCLUDE_IN_FRAMEWORK_HEADER = YES;
				CLANG_WARN_RANGE_LOOP_ANALYSIS = YES;
				CLANG_WARN_STRICT_PROTOTYPES = YES;
				CLANG_WARN_SUSPICIOUS_MOVE = YES;
				CLANG_WARN_UNGUARDED_AVAILABILITY = YES_AGGRESSIVE;
				CLANG_WARN_UNREACHABLE_CODE = YES;
				CLANG_WARN__DUPLICATE_METHOD_MATCH = YES;
				COPY_PHASE_STRIP = NO;
				DEBUG_INFORMATION_FORMAT = dwarf;
				ENABLE_STRICT_OBJC_MSGSEND = YES;
				ENABLE_TESTABILITY = YES;
				GCC_C_LANGUAGE_STANDARD = gnu11;
				GCC_DYNAMIC_NO_PIC = NO;
				GCC_NO_COMMON_BLOCKS = YES;
				GCC_OPTIMIZATION_LEVEL = 0;
				GCC_PREPROCESSOR_DEFINITIONS = (
					"DEBUG=1",
					"$(inherited)",
				);
				GCC_WARN_64_TO_32_BIT_CONVERSION = YES;
				GCC_WARN_ABOUT_RETURN_TYPE = YES_ERROR;
				GCC_WARN_UNDECLARED_SELECTOR = YES;
				GCC_WARN_UNINITIALIZED_AUTOS = YES_AGGRESSIVE;
				GCC_WARN_UNUSED_FUNCTION = YES;
				GCC_WARN_UNUSED_VARIABLE = YES;
				IPHONEOS_DEPLOYMENT_TARGET = 15.4;
				MTL_ENABLE_DEBUG_INFO = INCLUDE_SOURCE;
				MTL_FAST_MATH = YES;
				ONLY_ACTIVE_ARCH = YES;
				SDKROOT = iphoneos;
				SWIFT_ACTIVE_COMPILATION_CONDITIONS = DEBUG;
				SWIFT_OPTIMIZATION_LEVEL = "-Onone";
			};
			name = Debug;
		};
		26EC7C40292CEE5100905CD0 /* Release */ = {
			isa = XCBuildConfiguration;
			buildSettings = {
				ALWAYS_SEARCH_USER_PATHS = NO;
				CLANG_ANALYZER_NONNULL = YES;
				CLANG_ANALYZER_NUMBER_OBJECT_CONVERSION = YES_AGGRESSIVE;
				CLANG_CXX_LANGUAGE_STANDARD = "gnu++17";
				CLANG_ENABLE_MODULES = YES;
				CLANG_ENABLE_OBJC_ARC = YES;
				CLANG_ENABLE_OBJC_WEAK = YES;
				CLANG_WARN_BLOCK_CAPTURE_AUTORELEASING = YES;
				CLANG_WARN_BOOL_CONVERSION = YES;
				CLANG_WARN_COMMA = YES;
				CLANG_WARN_CONSTANT_CONVERSION = YES;
				CLANG_WARN_DEPRECATED_OBJC_IMPLEMENTATIONS = YES;
				CLANG_WARN_DIRECT_OBJC_ISA_USAGE = YES_ERROR;
				CLANG_WARN_DOCUMENTATION_COMMENTS = YES;
				CLANG_WARN_EMPTY_BODY = YES;
				CLANG_WARN_ENUM_CONVERSION = YES;
				CLANG_WARN_INFINITE_RECURSION = YES;
				CLANG_WARN_INT_CONVERSION = YES;
				CLANG_WARN_NON_LITERAL_NULL_CONVERSION = YES;
				CLANG_WARN_OBJC_IMPLICIT_RETAIN_SELF = YES;
				CLANG_WARN_OBJC_LITERAL_CONVERSION = YES;
				CLANG_WARN_OBJC_ROOT_CLASS = YES_ERROR;
				CLANG_WARN_QUOTED_INCLUDE_IN_FRAMEWORK_HEADER = YES;
				CLANG_WARN_RANGE_LOOP_ANALYSIS = YES;
				CLANG_WARN_STRICT_PROTOTYPES = YES;
				CLANG_WARN_SUSPICIOUS_MOVE = YES;
				CLANG_WARN_UNGUARDED_AVAILABILITY = YES_AGGRESSIVE;
				CLANG_WARN_UNREACHABLE_CODE = YES;
				CLANG_WARN__DUPLICATE_METHOD_MATCH = YES;
				COPY_PHASE_STRIP = NO;
				DEBUG_INFORMATION_FORMAT = "dwarf-with-dsym";
				ENABLE_NS_ASSERTIONS = NO;
				ENABLE_STRICT_OBJC_MSGSEND = YES;
				GCC_C_LANGUAGE_STANDARD = gnu11;
				GCC_NO_COMMON_BLOCKS = YES;
				GCC_WARN_64_TO_32_BIT_CONVERSION = YES;
				GCC_WARN_ABOUT_RETURN_TYPE = YES_ERROR;
				GCC_WARN_UNDECLARED_SELECTOR = YES;
				GCC_WARN_UNINITIALIZED_AUTOS = YES_AGGRESSIVE;
				GCC_WARN_UNUSED_FUNCTION = YES;
				GCC_WARN_UNUSED_VARIABLE = YES;
				IPHONEOS_DEPLOYMENT_TARGET = 15.4;
				MTL_ENABLE_DEBUG_INFO = NO;
				MTL_FAST_MATH = YES;
				SDKROOT = iphoneos;
				SWIFT_COMPILATION_MODE = wholemodule;
				SWIFT_OPTIMIZATION_LEVEL = "-O";
				VALIDATE_PRODUCT = YES;
			};
			name = Release;
		};
		26EC7C42292CEE5100905CD0 /* Debug */ = {
			isa = XCBuildConfiguration;
			buildSettings = {
				ASSETCATALOG_COMPILER_APPICON_NAME = AppIcon;
				ASSETCATALOG_COMPILER_GLOBAL_ACCENT_COLOR_NAME = AccentColor;
				CODE_SIGN_STYLE = Automatic;
				CURRENT_PROJECT_VERSION = 1;
				DEVELOPMENT_ASSET_PATHS = "\"mca-ios-sdk/Preview Content\"";
				DEVELOPMENT_TEAM = MW7JWW9PTN;
				ENABLE_PREVIEWS = YES;
				GENERATE_INFOPLIST_FILE = YES;
				INFOPLIST_FILE = "mca-ios-sdk/Info.plist";
				INFOPLIST_KEY_UIApplicationSceneManifest_Generation = YES;
				INFOPLIST_KEY_UIApplicationSupportsIndirectInputEvents = YES;
				INFOPLIST_KEY_UILaunchScreen_Generation = YES;
				INFOPLIST_KEY_UISupportedInterfaceOrientations_iPad = "UIInterfaceOrientationPortrait UIInterfaceOrientationPortraitUpsideDown UIInterfaceOrientationLandscapeLeft UIInterfaceOrientationLandscapeRight";
				INFOPLIST_KEY_UISupportedInterfaceOrientations_iPhone = "UIInterfaceOrientationPortrait UIInterfaceOrientationLandscapeLeft UIInterfaceOrientationLandscapeRight";
				LD_RUNPATH_SEARCH_PATHS = (
					"$(inherited)",
					"@executable_path/Frameworks",
				);
				MARKETING_VERSION = 1.0;
				PRODUCT_BUNDLE_IDENTIFIER = "com.mycoverai.mca-ios-sdk";
				PRODUCT_NAME = "$(TARGET_NAME)";
				SWIFT_EMIT_LOC_STRINGS = YES;
				SWIFT_VERSION = 5.0;
				TARGETED_DEVICE_FAMILY = "1,2";
			};
			name = Debug;
		};
		26EC7C43292CEE5100905CD0 /* Release */ = {
			isa = XCBuildConfiguration;
			buildSettings = {
				ASSETCATALOG_COMPILER_APPICON_NAME = AppIcon;
				ASSETCATALOG_COMPILER_GLOBAL_ACCENT_COLOR_NAME = AccentColor;
				CODE_SIGN_STYLE = Automatic;
				CURRENT_PROJECT_VERSION = 1;
				DEVELOPMENT_ASSET_PATHS = "\"mca-ios-sdk/Preview Content\"";
				DEVELOPMENT_TEAM = MW7JWW9PTN;
				ENABLE_PREVIEWS = YES;
				GENERATE_INFOPLIST_FILE = YES;
				INFOPLIST_FILE = "mca-ios-sdk/Info.plist";
				INFOPLIST_KEY_UIApplicationSceneManifest_Generation = YES;
				INFOPLIST_KEY_UIApplicationSupportsIndirectInputEvents = YES;
				INFOPLIST_KEY_UILaunchScreen_Generation = YES;
				INFOPLIST_KEY_UISupportedInterfaceOrientations_iPad = "UIInterfaceOrientationPortrait UIInterfaceOrientationPortraitUpsideDown UIInterfaceOrientationLandscapeLeft UIInterfaceOrientationLandscapeRight";
				INFOPLIST_KEY_UISupportedInterfaceOrientations_iPhone = "UIInterfaceOrientationPortrait UIInterfaceOrientationLandscapeLeft UIInterfaceOrientationLandscapeRight";
				LD_RUNPATH_SEARCH_PATHS = (
					"$(inherited)",
					"@executable_path/Frameworks",
				);
				MARKETING_VERSION = 1.0;
				PRODUCT_BUNDLE_IDENTIFIER = "com.mycoverai.mca-ios-sdk";
				PRODUCT_NAME = "$(TARGET_NAME)";
				SWIFT_EMIT_LOC_STRINGS = YES;
				SWIFT_VERSION = 5.0;
				TARGETED_DEVICE_FAMILY = "1,2";
			};
			name = Release;
		};
		26EC7C45292CEE5100905CD0 /* Debug */ = {
			isa = XCBuildConfiguration;
			buildSettings = {
				ALWAYS_EMBED_SWIFT_STANDARD_LIBRARIES = YES;
				BUNDLE_LOADER = "$(TEST_HOST)";
				CODE_SIGN_STYLE = Automatic;
				CURRENT_PROJECT_VERSION = 1;
				GENERATE_INFOPLIST_FILE = YES;
				IPHONEOS_DEPLOYMENT_TARGET = 15.4;
				MARKETING_VERSION = 1.0;
				PRODUCT_BUNDLE_IDENTIFIER = "com.mycoverai.mca-ios-sdkTests";
				PRODUCT_NAME = "$(TARGET_NAME)";
				SWIFT_EMIT_LOC_STRINGS = NO;
				SWIFT_VERSION = 5.0;
				TARGETED_DEVICE_FAMILY = "1,2";
				TEST_HOST = "$(BUILT_PRODUCTS_DIR)/mca-ios-sdk.app/mca-ios-sdk";
			};
			name = Debug;
		};
		26EC7C46292CEE5100905CD0 /* Release */ = {
			isa = XCBuildConfiguration;
			buildSettings = {
				ALWAYS_EMBED_SWIFT_STANDARD_LIBRARIES = YES;
				BUNDLE_LOADER = "$(TEST_HOST)";
				CODE_SIGN_STYLE = Automatic;
				CURRENT_PROJECT_VERSION = 1;
				GENERATE_INFOPLIST_FILE = YES;
				IPHONEOS_DEPLOYMENT_TARGET = 15.4;
				MARKETING_VERSION = 1.0;
				PRODUCT_BUNDLE_IDENTIFIER = "com.mycoverai.mca-ios-sdkTests";
				PRODUCT_NAME = "$(TARGET_NAME)";
				SWIFT_EMIT_LOC_STRINGS = NO;
				SWIFT_VERSION = 5.0;
				TARGETED_DEVICE_FAMILY = "1,2";
				TEST_HOST = "$(BUILT_PRODUCTS_DIR)/mca-ios-sdk.app/mca-ios-sdk";
			};
			name = Release;
		};
		26EC7C48292CEE5100905CD0 /* Debug */ = {
			isa = XCBuildConfiguration;
			buildSettings = {
				ALWAYS_EMBED_SWIFT_STANDARD_LIBRARIES = YES;
				CODE_SIGN_STYLE = Automatic;
				CURRENT_PROJECT_VERSION = 1;
				GENERATE_INFOPLIST_FILE = YES;
				MARKETING_VERSION = 1.0;
				PRODUCT_BUNDLE_IDENTIFIER = "com.mycoverai.mca-ios-sdkUITests";
				PRODUCT_NAME = "$(TARGET_NAME)";
				SWIFT_EMIT_LOC_STRINGS = NO;
				SWIFT_VERSION = 5.0;
				TARGETED_DEVICE_FAMILY = "1,2";
				TEST_TARGET_NAME = "mca-ios-sdk";
			};
			name = Debug;
		};
		26EC7C49292CEE5100905CD0 /* Release */ = {
			isa = XCBuildConfiguration;
			buildSettings = {
				ALWAYS_EMBED_SWIFT_STANDARD_LIBRARIES = YES;
				CODE_SIGN_STYLE = Automatic;
				CURRENT_PROJECT_VERSION = 1;
				GENERATE_INFOPLIST_FILE = YES;
				MARKETING_VERSION = 1.0;
				PRODUCT_BUNDLE_IDENTIFIER = "com.mycoverai.mca-ios-sdkUITests";
				PRODUCT_NAME = "$(TARGET_NAME)";
				SWIFT_EMIT_LOC_STRINGS = NO;
				SWIFT_VERSION = 5.0;
				TARGETED_DEVICE_FAMILY = "1,2";
				TEST_TARGET_NAME = "mca-ios-sdk";
			};
			name = Release;
		};
/* End XCBuildConfiguration section */

/* Begin XCConfigurationList section */
		26EC7C18292CEE4D00905CD0 /* Build configuration list for PBXProject "mca-ios-sdk" */ = {
			isa = XCConfigurationList;
			buildConfigurations = (
				26EC7C3F292CEE5100905CD0 /* Debug */,
				26EC7C40292CEE5100905CD0 /* Release */,
			);
			defaultConfigurationIsVisible = 0;
			defaultConfigurationName = Release;
		};
		26EC7C41292CEE5100905CD0 /* Build configuration list for PBXNativeTarget "mca-ios-sdk" */ = {
			isa = XCConfigurationList;
			buildConfigurations = (
				26EC7C42292CEE5100905CD0 /* Debug */,
				26EC7C43292CEE5100905CD0 /* Release */,
			);
			defaultConfigurationIsVisible = 0;
			defaultConfigurationName = Release;
		};
		26EC7C44292CEE5100905CD0 /* Build configuration list for PBXNativeTarget "mca-ios-sdkTests" */ = {
			isa = XCConfigurationList;
			buildConfigurations = (
				26EC7C45292CEE5100905CD0 /* Debug */,
				26EC7C46292CEE5100905CD0 /* Release */,
			);
			defaultConfigurationIsVisible = 0;
			defaultConfigurationName = Release;
		};
		26EC7C47292CEE5100905CD0 /* Build configuration list for PBXNativeTarget "mca-ios-sdkUITests" */ = {
			isa = XCConfigurationList;
			buildConfigurations = (
				26EC7C48292CEE5100905CD0 /* Debug */,
				26EC7C49292CEE5100905CD0 /* Release */,
			);
			defaultConfigurationIsVisible = 0;
			defaultConfigurationName = Release;
		};
/* End XCConfigurationList section */

/* Begin XCRemoteSwiftPackageReference section */
		2630C7C829A4B96C00B6E9C1 /* XCRemoteSwiftPackageReference "lottie-ios" */ = {
			isa = XCRemoteSwiftPackageReference;
			repositoryURL = "https://github.com/airbnb/lottie-ios";
			requirement = {
				kind = upToNextMajorVersion;
				minimumVersion = 4.0.0;
			};
		};
		2630C7D129A685F200B6E9C1 /* XCRemoteSwiftPackageReference "SwiftUI_NotificationBanner" */ = {
			isa = XCRemoteSwiftPackageReference;
			repositoryURL = "https://github.com/DominikButz/SwiftUI_NotificationBanner";
			requirement = {
				kind = upToNextMajorVersion;
				minimumVersion = 0.1.1;
			};
		};
		265531F4299E4D25001EB3F5 /* XCRemoteSwiftPackageReference "AnyCodable" */ = {
			isa = XCRemoteSwiftPackageReference;
			repositoryURL = "https://github.com/Flight-School/AnyCodable";
			requirement = {
				kind = upToNextMajorVersion;
				minimumVersion = 0.6.7;
			};
		};
		265531F9299F58EE001EB3F5 /* XCRemoteSwiftPackageReference "pusher-websocket-swift" */ = {
			isa = XCRemoteSwiftPackageReference;
			repositoryURL = "https://github.com/pusher/pusher-websocket-swift.git";
			requirement = {
				kind = upToNextMajorVersion;
				minimumVersion = 9.0.0;
			};
		};
		266FBE00298B09D800566209 /* XCRemoteSwiftPackageReference "FilePicker" */ = {
			isa = XCRemoteSwiftPackageReference;
			repositoryURL = "https://github.com/markrenaud/FilePicker";
			requirement = {
				kind = upToNextMajorVersion;
				minimumVersion = 1.0.0;
			};
		};
/* End XCRemoteSwiftPackageReference section */

/* Begin XCSwiftPackageProductDependency section */
		2630C7C929A4B96C00B6E9C1 /* Lottie */ = {
			isa = XCSwiftPackageProductDependency;
			package = 2630C7C829A4B96C00B6E9C1 /* XCRemoteSwiftPackageReference "lottie-ios" */;
			productName = Lottie;
		};
		2630C7D229A685F200B6E9C1 /* SwiftUI_NotificationBanner */ = {
			isa = XCSwiftPackageProductDependency;
			package = 2630C7D129A685F200B6E9C1 /* XCRemoteSwiftPackageReference "SwiftUI_NotificationBanner" */;
			productName = SwiftUI_NotificationBanner;
		};
		265531F5299E4D25001EB3F5 /* AnyCodable */ = {
			isa = XCSwiftPackageProductDependency;
			package = 265531F4299E4D25001EB3F5 /* XCRemoteSwiftPackageReference "AnyCodable" */;
			productName = AnyCodable;
		};
		265531FA299F58EE001EB3F5 /* PusherSwift */ = {
			isa = XCSwiftPackageProductDependency;
			package = 265531F9299F58EE001EB3F5 /* XCRemoteSwiftPackageReference "pusher-websocket-swift" */;
			productName = PusherSwift;
		};
		266FBE01298B09D800566209 /* FilePicker */ = {
			isa = XCSwiftPackageProductDependency;
			package = 266FBE00298B09D800566209 /* XCRemoteSwiftPackageReference "FilePicker" */;
			productName = FilePicker;
		};
/* End XCSwiftPackageProductDependency section */
	};
	rootObject = 26EC7C15292CEE4D00905CD0 /* Project object */;
}
